
Microsoft Visual Studio Solution File, Format Version 12.00
# Visual Studio Version 17
VisualStudioVersion = 17.0.31903.59
MinimumVisualStudioVersion = 10.0.40219.1
Project("{FAE04EC0-301F-11D3-BF4B-00C04F79EFBC}") = "myteammanager", "myteammanager\myteammanager.csproj", "{821929E6-232F-4874-938A-C3804D1F774D}"
EndProject
Global
	GlobalSection(SolutionConfigurationPlatforms) = preSolution
		Debug|Any CPU = Debug|Any CPU
		Release|Any CPU = Release|Any CPU
	EndGlobalSection
	GlobalSection(SolutionProperties) = preSolution
		HideSolutionNode = FALSE
	EndGlobalSection
	GlobalSection(ProjectConfigurationPlatforms) = postSolution
		{821929E6-232F-4874-938A-C3804D1F774D}.Debug|Any CPU.ActiveCfg = Debug|Any CPU
		{821929E6-232F-4874-938A-C3804D1F774D}.Debug|Any CPU.Build.0 = Debug|Any CPU
		{821929E6-232F-4874-938A-C3804D1F774D}.Release|Any CPU.ActiveCfg = Release|Any CPU
		{821929E6-232F-4874-938A-C3804D1F774D}.Release|Any CPU.Build.0 = Release|Any CPU
	EndGlobalSection
EndGlobal
